{
  "dependencies": {
    "karma-chrome-launcher": {
      "version": "0.1.2",
      "from": "karma-chrome-launcher@*"
    },
    "karma-firefox-launcher": {
      "version": "0.1.3",
      "from": "karma-firefox-launcher@*"
    },
    "karma-html2js-preprocessor": {
      "version": "0.1.0",
      "from": "karma-html2js-preprocessor@*"
    },
    "karma-jasmine": {
      "version": "0.1.5",
      "from": "karma-jasmine@*"
    },
    "karma-requirejs": {
      "version": "0.2.1",
      "from": "karma-requirejs@*"
    },
    "karma-script-launcher": {
      "version": "0.1.0",
      "from": "karma-script-launcher@*"
    },
    "requirejs": {
      "version": "2.1.10",
      "from": "requirejs@~2.1",
      "resolved": "https://registry.npmjs.org/requirejs/-/requirejs-2.1.10.tgz"
    },
    "karma-coffee-preprocessor": {
      "version": "0.1.2",
      "from": "karma-coffee-preprocessor@*",
      "dependencies": {
        "coffee-script": {
          "version": "1.6.3",
          "from": "coffee-script@1.6.3",
          "resolved": "https://registry.npmjs.org/coffee-script/-/coffee-script-1.6.3.tgz"
        }
      }
    },
    "karma": {
      "version": "0.10.9",
      "from": "karma@~0.10.9",
      "dependencies": {
        "di": {
          "version": "0.0.1",
          "from": "di@~0.0.1"
        },
        "socket.io": {
          "version": "0.9.16",
          "from": "socket.io@~0.9.13",
          "dependencies": {
            "socket.io-client": {
              "version": "0.9.16",
              "from": "socket.io-client@0.9.16",
              "resolved": "https://registry.npmjs.org/socket.io-client/-/socket.io-client-0.9.16.tgz",
              "dependencies": {
                "uglify-js": {
                  "version": "1.2.5",
                  "from": "uglify-js@1.2.5",
                  "resolved": "https://registry.npmjs.org/uglify-js/-/uglify-js-1.2.5.tgz"
                },
                "ws": {
                  "version": "0.4.31",
                  "from": "ws@0.4.x",
                  "dependencies": {
                    "commander": {
                      "version": "0.6.1",
                      "from": "commander@~0.6.1"
                    },
                    "nan": {
                      "version": "0.3.2",
                      "from": "nan@~0.3.0"
                    },
                    "tinycolor": {
                      "version": "0.0.1",
                      "from": "tinycolor@0.x"
                    },
                    "options": {
                      "version": "0.0.5",
                      "from": "options@>=0.0.5"
                    }
                  }
                },
                "xmlhttprequest": {
                  "version": "1.4.2",
                  "from": "xmlhttprequest@1.4.2",
                  "resolved": "https://registry.npmjs.org/xmlhttprequest/-/xmlhttprequest-1.4.2.tgz"
                },
                "active-x-obfuscator": {
                  "version": "0.0.1",
                  "from": "active-x-obfuscator@0.0.1",
                  "resolved": "https://registry.npmjs.org/active-x-obfuscator/-/active-x-obfuscator-0.0.1.tgz",
                  "dependencies": {
                    "zeparser": {
                      "version": "0.0.5",
                      "from": "zeparser@0.0.5",
                      "resolved": "https://registry.npmjs.org/zeparser/-/zeparser-0.0.5.tgz"
                    }
                  }
                }
              }
            },
            "policyfile": {
              "version": "0.0.4",
              "from": "policyfile@0.0.4",
              "resolved": "https://registry.npmjs.org/policyfile/-/policyfile-0.0.4.tgz"
            },
            "base64id": {
              "version": "0.1.0",
              "from": "base64id@0.1.0",
              "resolved": "https://registry.npmjs.org/base64id/-/base64id-0.1.0.tgz"
            },
            "redis": {
              "version": "0.7.3",
              "from": "redis@0.7.3",
              "resolved": "https://registry.npmjs.org/redis/-/redis-0.7.3.tgz"
            }
          }
        },
        "chokidar": {
          "version": "0.8.1",
          "from": "chokidar@~0.8.0"
        },
        "glob": {
          "version": "3.1.21",
          "from": "glob@~3.1.21",
          "dependencies": {
            "inherits": {
              "version": "1.0.0",
              "from": "inherits@1"
            }
          }
        },
        "minimatch": {
          "version": "0.2.14",
          "from": "minimatch@~0.2",
          "dependencies": {
            "lru-cache": {
              "version": "2.5.0",
              "from": "lru-cache@2"
            },
            "sigmund": {
              "version": "1.0.0",
              "from": "sigmund@~1.0.0"
            }
          }
        },
        "http-proxy": {
          "version": "0.10.4",
          "from": "http-proxy@~0.10",
          "dependencies": {
            "optimist": {
              "version": "0.6.0",
              "from": "optimist@0.6.x",
              "dependencies": {
                "wordwrap": {
                  "version": "0.0.2",
                  "from": "wordwrap@~0.0.2"
                },
                "minimist": {
                  "version": "0.0.5",
                  "from": "minimist@~0.0.1"
                }
              }
            },
            "pkginfo": {
              "version": "0.3.0",
              "from": "pkginfo@0.3.x"
            },
            "utile": {
              "version": "0.2.1",
              "from": "utile@~0.2.1",
              "dependencies": {
                "async": {
                  "version": "0.2.9",
                  "from": "async@~0.2.9"
                },
                "deep-equal": {
                  "version": "0.1.2",
                  "from": "deep-equal@*"
                },
                "i": {
                  "version": "0.3.2",
                  "from": "i@0.3.x"
                },
                "mkdirp": {
                  "version": "0.3.5",
                  "from": "mkdirp@0.x.x"
                },
                "ncp": {
                  "version": "0.4.2",
                  "from": "ncp@0.4.x"
                }
              }
            }
          }
        },
        "optimist": {
          "version": "0.3.7",
          "from": "optimist@~0.3",
          "dependencies": {
            "wordwrap": {
              "version": "0.0.2",
              "from": "wordwrap@~0.0.2"
            }
          }
        },
        "coffee-script": {
          "version": "1.6.3",
          "from": "coffee-script@~1.6"
        },
        "rimraf": {
          "version": "2.1.4",
          "from": "rimraf@~2.1"
        },
        "q": {
          "version": "0.9.7",
          "from": "q@~0.9"
        },
        "colors": {
          "version": "0.6.0-1",
          "from": "colors@0.6.0-1",
          "resolved": "https://registry.npmjs.org/colors/-/colors-0.6.0-1.tgz"
        },
        "lodash": {
          "version": "1.1.1",
          "from": "lodash@~1.1"
        },
        "mime": {
          "version": "1.2.11",
          "from": "mime@~1.2"
        },
        "log4js": {
          "version": "0.6.9",
          "from": "log4js@~0.6.3",
          "dependencies": {
            "async": {
              "version": "0.1.15",
              "from": "async@0.1.15",
              "resolved": "https://registry.npmjs.org/async/-/async-0.1.15.tgz"
            },
            "semver": {
              "version": "1.1.4",
              "from": "semver@~1.1.4"
            },
            "readable-stream": {
              "version": "1.0.24",
              "from": "readable-stream@~1.0.2",
              "resolved": "https://registry.npmjs.org/readable-stream/-/readable-stream-1.0.24.tgz"
            }
          }
        },
        "useragent": {
          "version": "2.0.7",
          "from": "useragent@~2.0.4",
          "dependencies": {
            "lru-cache": {
              "version": "2.2.4",
              "from": "lru-cache@2.2.x"
            }
          }
        },
        "graceful-fs": {
          "version": "1.2.3",
          "from": "graceful-fs@~1.2.1"
        },
        "connect": {
          "version": "2.8.8",
          "from": "connect@~2.8.4",
          "dependencies": {
            "qs": {
              "version": "0.6.5",
              "from": "qs@0.6.5",
              "resolved": "https://registry.npmjs.org/qs/-/qs-0.6.5.tgz"
            },
            "formidable": {
              "version": "1.0.14",
              "from": "formidable@1.0.14",
              "resolved": "https://registry.npmjs.org/formidable/-/formidable-1.0.14.tgz"
            },
            "cookie-signature": {
              "version": "1.0.1",
              "from": "cookie-signature@1.0.1",
              "resolved": "https://registry.npmjs.org/cookie-signature/-/cookie-signature-1.0.1.tgz"
            },
            "buffer-crc32": {
              "version": "0.2.1",
              "from": "buffer-crc32@0.2.1",
              "resolved": "https://registry.npmjs.org/buffer-crc32/-/buffer-crc32-0.2.1.tgz"
            },
            "cookie": {
              "version": "0.1.0",
              "from": "cookie@0.1.0",
              "resolved": "https://registry.npmjs.org/cookie/-/cookie-0.1.0.tgz"
            },
            "send": {
              "version": "0.1.4",
              "from": "send@0.1.4",
              "resolved": "https://registry.npmjs.org/send/-/send-0.1.4.tgz",
              "dependencies": {
                "range-parser": {
                  "version": "0.0.4",
                  "from": "range-parser@0.0.4",
                  "resolved": "https://registry.npmjs.org/range-parser/-/range-parser-0.0.4.tgz"
                }
              }
            },
            "bytes": {
              "version": "0.2.0",
              "from": "bytes@0.2.0",
              "resolved": "https://registry.npmjs.org/bytes/-/bytes-0.2.0.tgz"
            },
            "fresh": {
              "version": "0.2.0",
              "from": "fresh@0.2.0",
              "resolved": "https://registry.npmjs.org/fresh/-/fresh-0.2.0.tgz"
            },
            "pause": {
              "version": "0.0.1",
              "from": "pause@0.0.1",
              "resolved": "https://registry.npmjs.org/pause/-/pause-0.0.1.tgz"
            },
            "uid2": {
              "version": "0.0.2",
              "from": "uid2@0.0.2",
              "resolved": "https://registry.npmjs.org/uid2/-/uid2-0.0.2.tgz"
            },
            "debug": {
              "version": "0.7.4",
              "from": "debug@*"
            },
            "methods": {
              "version": "0.0.1",
              "from": "methods@0.0.1",
              "resolved": "https://registry.npmjs.org/methods/-/methods-0.0.1.tgz"
            }
          }
        }
      }
    },
    "karma-phantomjs-launcher": {
      "version": "0.1.1",
      "from": "karma-phantomjs-launcher@*",
      "dependencies": {
        "phantomjs": {
          "version": "1.9.2-6",
          "from": "phantomjs@~1.9",
          "dependencies": {
            "adm-zip": {
              "version": "0.2.1",
              "from": "adm-zip@0.2.1",
              "resolved": "https://registry.npmjs.org/adm-zip/-/adm-zip-0.2.1.tgz"
            },
            "kew": {
              "version": "0.1.7",
              "from": "kew@~0.1.7"
            },
            "ncp": {
              "version": "0.4.2",
              "from": "ncp@0.4.2",
              "resolved": "https://registry.npmjs.org/ncp/-/ncp-0.4.2.tgz"
            },
            "npmconf": {
              "version": "0.0.24",
              "from": "npmconf@0.0.24",
              "resolved": "https://registry.npmjs.org/npmconf/-/npmconf-0.0.24.tgz",
              "dependencies": {
                "config-chain": {
                  "version": "1.1.8",
                  "from": "config-chain@~1.1.1",
                  "dependencies": {
                    "proto-list": {
                      "version": "1.2.2",
                      "from": "proto-list@~1.2.1"
                    }
                  }
                },
                "inherits": {
                  "version": "1.0.0",
                  "from": "inherits@~1.0.0"
                },
                "once": {
                  "version": "1.1.1",
                  "from": "once@~1.1.1"
                },
                "osenv": {
                  "version": "0.0.3",
                  "from": "osenv@0.0.3",
                  "resolved": "https://registry.npmjs.org/osenv/-/osenv-0.0.3.tgz"
                },
                "nopt": {
                  "version": "2.1.2",
                  "from": "nopt@2",
                  "dependencies": {
                    "abbrev": {
                      "version": "1.0.4",
                      "from": "abbrev@1"
                    }
                  }
                },
                "semver": {
                  "version": "1.1.4",
                  "from": "semver@~1.1.0"
                },
                "ini": {
                  "version": "1.1.0",
                  "from": "ini@~1.1.0"
                }
              }
            },
            "mkdirp": {
              "version": "0.3.5",
              "from": "mkdirp@0.3.5",
              "resolved": "https://registry.npmjs.org/mkdirp/-/mkdirp-0.3.5.tgz"
            },
            "rimraf": {
              "version": "2.2.5",
              "from": "rimraf@~2.2.2"
            },
            "which": {
              "version": "1.0.5",
              "from": "which@~1.0.5"
            }
          }
        }
      }
    }
  }
}
